
Microsoft Visual Studio Solution File, Format Version 12.00
# Visual Studio Version 16
VisualStudioVersion = 16.0.29728.190
MinimumVisualStudioVersion = 10.0.40219.1
Project("{2150E333-8FDC-42A3-9474-1A3956D46DE8}") = "src", "src", "{47C7EFAF-FFC6-4B05-9702-15E1D961B0B2}"
EndProject
Project("{9A19103F-16F7-4668-BE54-9A1E7A4F7556}") = "Website", "src\Website\Website.csproj", "{D5C689D9-6E3C-4F3D-8A03-5AF4D5C13313}"
EndProject
Project("{2150E333-8FDC-42A3-9474-1A3956D46DE8}") = "docs", "docs", "{188B18C9-D700-43E8-A6A5-7FFB9A300748}"
	ProjectSection(SolutionItems) = preProject
		README.md = README.md
	EndProjectSection
EndProject
Global
	GlobalSection(SolutionConfigurationPlatforms) = preSolution
		Debug|Any CPU = Debug|Any CPU
		Release|Any CPU = Release|Any CPU
	EndGlobalSection
	GlobalSection(ProjectConfigurationPlatforms) = postSolution
		{D5C689D9-6E3C-4F3D-8A03-5AF4D5C13313}.Debug|Any CPU.ActiveCfg = Debug|Any CPU
		{D5C689D9-6E3C-4F3D-8A03-5AF4D5C13313}.Debug|Any CPU.Build.0 = Debug|Any CPU
		{D5C689D9-6E3C-4F3D-8A03-5AF4D5C13313}.Release|Any CPU.ActiveCfg = Release|Any CPU
		{D5C689D9-6E3C-4F3D-8A03-5AF4D5C13313}.Release|Any CPU.Build.0 = Release|Any CPU
	EndGlobalSection
	GlobalSection(SolutionProperties) = preSolution
		HideSolutionNode = FALSE
	EndGlobalSection
	GlobalSection(NestedProjects) = preSolution
		{D5C689D9-6E3C-4F3D-8A03-5AF4D5C13313} = {47C7EFAF-FFC6-4B05-9702-15E1D961B0B2}
	EndGlobalSection
	GlobalSection(ExtensibilityGlobals) = postSolution
		SolutionGuid = {560C11A8-EAB4-49FA-AA38-5A49217088DD}
	EndGlobalSection
EndGlobal
